
Microsoft Visual Studio Solution File, Format Version 12.00
# Visual Studio 15
Project("{FAE04EC0-301F-11D3-BF4B-00C04F79EFBC}") = "Assembly-CSharp", "Assembly-CSharp.csproj", "{74EFB8CC-DFB7-CE1F-2F6D-61BFB1D56DD4}"
EndProject
Project("{FAE04EC0-301F-11D3-BF4B-00C04F79EFBC}") = "Assembly-CSharp-Editor", "Assembly-CSharp-Editor.csproj", "{6946EFF9-8E4F-A8EC-FB3A-D6806E117198}"
EndProject
Global
	GlobalSection(SolutionConfigurationPlatforms) = preSolution
		Debug|Any CPU = Debug|Any CPU
		Release|Any CPU = Release|Any CPU
	EndGlobalSection
	GlobalSection(ProjectConfigurationPlatforms) = postSolution
		{74EFB8CC-DFB7-CE1F-2F6D-61BFB1D56DD4}.Debug|Any CPU.ActiveCfg = Debug|Any CPU
		{74EFB8CC-DFB7-CE1F-2F6D-61BFB1D56DD4}.Debug|Any CPU.Build.0 = Debug|Any CPU
		{74EFB8CC-DFB7-CE1F-2F6D-61BFB1D56DD4}.Release|Any CPU.ActiveCfg = Release|Any CPU
		{74EFB8CC-DFB7-CE1F-2F6D-61BFB1D56DD4}.Release|Any CPU.Build.0 = Release|Any CPU
		{6946EFF9-8E4F-A8EC-FB3A-D6806E117198}.Debug|Any CPU.ActiveCfg = Debug|Any CPU
		{6946EFF9-8E4F-A8EC-FB3A-D6806E117198}.Debug|Any CPU.Build.0 = Debug|Any CPU
		{6946EFF9-8E4F-A8EC-FB3A-D6806E117198}.Release|Any CPU.ActiveCfg = Release|Any CPU
		{6946EFF9-8E4F-A8EC-FB3A-D6806E117198}.Release|Any CPU.Build.0 = Release|Any CPU
	EndGlobalSection
	GlobalSection(SolutionProperties) = preSolution
		HideSolutionNode = FALSE
	EndGlobalSection
EndGlobal
